{
  "version": 4,
  "terraform_version": "1.3.5",
  "serial": 15,
  "lineage": "5895cd5d-373a-03b9-f7b9-f61a026cfc1b",
  "outputs": {
    "Ippublic": {
      "value": [
        "20.213.135.120",
        "20.213.135.107"
      ],
      "type": [
        "tuple",
        [
          "string",
          "string"
        ]
      ]
    },
    "user_connection": {
      "value": [
        "adminuser",
        "adminuser"
      ],
      "type": [
        "tuple",
        [
          "string",
          "string"
        ]
      ]
    }
  },
  "resources": [
    {
      "mode": "managed",
      "type": "azurerm_resource_group",
      "name": "terraform",
      "provider": "provider[\"registry.terraform.io/hashicorp/azurerm\"]",
      "instances": [
        {
          "schema_version": 0,
          "attributes": {
            "id": "/subscriptions/7afe8b34-6edf-4814-ba68-be5c73c5ae1c/resourceGroups/terraform",
            "location": "australiaeast",
            "name": "terraform",
            "tags": null,
            "timeouts": null
          },
          "sensitive_attributes": [],
          "private": "eyJlMmJmYjczMC1lY2FhLTExZTYtOGY4OC0zNDM2M2JjN2M0YzAiOnsiY3JlYXRlIjo1NDAwMDAwMDAwMDAwLCJkZWxldGUiOjU0MDAwMDAwMDAwMDAsInJlYWQiOjMwMDAwMDAwMDAwMCwidXBkYXRlIjo1NDAwMDAwMDAwMDAwfX0="
        }
      ]
    },
    {
      "module": "module.linuxservers",
      "mode": "managed",
      "type": "azurerm_linux_virtual_machine",
      "name": "VM",
      "provider": "provider[\"registry.terraform.io/hashicorp/azurerm\"]",
      "instances": [
        {
          "index_key": 0,
          "schema_version": 0,
          "attributes": {
            "additional_capabilities": [],
            "admin_password": null,
            "admin_ssh_key": [
              {
                "public_key": "ssh-rsa AAAAB3NzaC1yc2EAAAADAQABAAABgQC8lrN2oxShQalhKUOlckPE44B6zKTie66Cfwa3Gh1AlbOl5NN56Y45OMGLciR1eO/hLjBPiGI6wbiIBIIb2xZF1E9MoF+YVRx7aDrGAlt0fdHgq8qwvfY5hI4rWR1vCdNLVxCZpHK3m1XnaFHiDEtk2ovS2iHxaiOVpJiMGLBsvNom7bhMhwYwjIvypZvtlcPj8mRTrhTD6GRSqspXz18ZBthXvVBq2ctR5mWQr5x5//cQB8Nsn9guoQEpz5WfogN9Bv5sCdlbVOcX8mkx47jxatyaeaWGd8veqOB6znk5DXT4Yr+FmG5nf+jEoimbyyxss8kljidwr1k/S7RfxapnscHLBjO0u/PM0FIHhhinhMfOeULaWDE4I5IujnaP7+C8am5HNoUdUvHDYce2zfnL+QO2/FRKPnjcfCuTBv98GfddrokchJ1Az7+2aM9hCY7dx3S4U96Z1fQ3ofL/w1SDBHmrV1yVo+6wtTo1irlCgCYjGvfjScf8ZsLqHLe1rnc= Bilal@TesteV1\n",
                "username": "adminuser"
              }
            ],
            "admin_username": "adminuser",
            "allow_extension_operations": true,
            "availability_set_id": "",
            "boot_diagnostics": [],
            "computer_name": "VM0",
            "custom_data": null,
            "dedicated_host_group_id": "",
            "dedicated_host_id": "",
            "disable_password_authentication": true,
            "encryption_at_host_enabled": false,
            "eviction_policy": "",
            "extensions_time_budget": "PT1H30M",
            "id": "/subscriptions/7afe8b34-6edf-4814-ba68-be5c73c5ae1c/resourceGroups/terraform/providers/Microsoft.Compute/virtualMachines/VM0",
            "identity": [],
            "license_type": "",
            "location": "australiaeast",
            "max_bid_price": -1,
            "name": "VM0",
            "network_interface_ids": [
              "/subscriptions/7afe8b34-6edf-4814-ba68-be5c73c5ae1c/resourceGroups/terraform/providers/Microsoft.Network/networkInterfaces/NIC0"
            ],
            "os_disk": [
              {
                "caching": "ReadWrite",
                "diff_disk_settings": [],
                "disk_encryption_set_id": "",
                "disk_size_gb": 30,
                "name": "VM0_OsDisk_1_9bf057514fca4e6799c03e25abdf0fea",
                "storage_account_type": "Standard_LRS",
                "write_accelerator_enabled": false
              }
            ],
            "patch_mode": "ImageDefault",
            "plan": [],
            "platform_fault_domain": -1,
            "priority": "Regular",
            "private_ip_address": "10.0.0.4",
            "private_ip_addresses": [
              "10.0.0.4"
            ],
            "provision_vm_agent": true,
            "proximity_placement_group_id": "",
            "public_ip_address": "20.213.135.120",
            "public_ip_addresses": [
              "20.213.135.120"
            ],
            "resource_group_name": "terraform",
            "secret": [],
            "secure_boot_enabled": false,
            "size": "Standard_F2",
            "source_image_id": "",
            "source_image_reference": [
              {
                "offer": "CentOS",
                "publisher": "OpenLogic",
                "sku": "7.5",
                "version": "latest"
              }
            ],
            "tags": null,
            "timeouts": null,
            "user_data": "",
            "virtual_machine_id": "2000b27e-2431-4ad7-aa4e-dd8998e027c0",
            "virtual_machine_scale_set_id": "",
            "vtpm_enabled": false,
            "zone": ""
          },
          "sensitive_attributes": [],
          "private": "eyJlMmJmYjczMC1lY2FhLTExZTYtOGY4OC0zNDM2M2JjN2M0YzAiOnsiY3JlYXRlIjoyNzAwMDAwMDAwMDAwLCJkZWxldGUiOjI3MDAwMDAwMDAwMDAsInJlYWQiOjMwMDAwMDAwMDAwMCwidXBkYXRlIjoyNzAwMDAwMDAwMDAwfX0=",
          "dependencies": [
            "module.linuxservers.azurerm_network_interface.networkinterface",
            "module.linuxservers.azurerm_public_ip.publicip",
            "module.linuxservers.azurerm_subnet.subnet1",
            "module.linuxservers.azurerm_virtual_network.net1"
          ]
        },
        {
          "index_key": 1,
          "schema_version": 0,
          "attributes": {
            "additional_capabilities": [],
            "admin_password": null,
            "admin_ssh_key": [
              {
                "public_key": "ssh-rsa AAAAB3NzaC1yc2EAAAADAQABAAABgQC8lrN2oxShQalhKUOlckPE44B6zKTie66Cfwa3Gh1AlbOl5NN56Y45OMGLciR1eO/hLjBPiGI6wbiIBIIb2xZF1E9MoF+YVRx7aDrGAlt0fdHgq8qwvfY5hI4rWR1vCdNLVxCZpHK3m1XnaFHiDEtk2ovS2iHxaiOVpJiMGLBsvNom7bhMhwYwjIvypZvtlcPj8mRTrhTD6GRSqspXz18ZBthXvVBq2ctR5mWQr5x5//cQB8Nsn9guoQEpz5WfogN9Bv5sCdlbVOcX8mkx47jxatyaeaWGd8veqOB6znk5DXT4Yr+FmG5nf+jEoimbyyxss8kljidwr1k/S7RfxapnscHLBjO0u/PM0FIHhhinhMfOeULaWDE4I5IujnaP7+C8am5HNoUdUvHDYce2zfnL+QO2/FRKPnjcfCuTBv98GfddrokchJ1Az7+2aM9hCY7dx3S4U96Z1fQ3ofL/w1SDBHmrV1yVo+6wtTo1irlCgCYjGvfjScf8ZsLqHLe1rnc= Bilal@TesteV1\n",
                "username": "adminuser"
              }
            ],
            "admin_username": "adminuser",
            "allow_extension_operations": true,
            "availability_set_id": "",
            "boot_diagnostics": [],
            "computer_name": "VM1",
            "custom_data": null,
            "dedicated_host_group_id": "",
            "dedicated_host_id": "",
            "disable_password_authentication": true,
            "encryption_at_host_enabled": false,
            "eviction_policy": "",
            "extensions_time_budget": "PT1H30M",
            "id": "/subscriptions/7afe8b34-6edf-4814-ba68-be5c73c5ae1c/resourceGroups/terraform/providers/Microsoft.Compute/virtualMachines/VM1",
            "identity": [],
            "license_type": "",
            "location": "australiaeast",
            "max_bid_price": -1,
            "name": "VM1",
            "network_interface_ids": [
              "/subscriptions/7afe8b34-6edf-4814-ba68-be5c73c5ae1c/resourceGroups/terraform/providers/Microsoft.Network/networkInterfaces/NIC1"
            ],
            "os_disk": [
              {
                "caching": "ReadWrite",
                "diff_disk_settings": [],
                "disk_encryption_set_id": "",
                "disk_size_gb": 30,
                "name": "VM1_OsDisk_1_8f89b057850f43a2af580c21a055dc8d",
                "storage_account_type": "Standard_LRS",
                "write_accelerator_enabled": false
              }
            ],
            "patch_mode": "ImageDefault",
            "plan": [],
            "platform_fault_domain": -1,
            "priority": "Regular",
            "private_ip_address": "10.0.0.5",
            "private_ip_addresses": [
              "10.0.0.5"
            ],
            "provision_vm_agent": true,
            "proximity_placement_group_id": "",
            "public_ip_address": "20.213.135.107",
            "public_ip_addresses": [
              "20.213.135.107"
            ],
            "resource_group_name": "terraform",
            "secret": [],
            "secure_boot_enabled": false,
            "size": "Standard_F2",
            "source_image_id": "",
            "source_image_reference": [
              {
                "offer": "CentOS",
                "publisher": "OpenLogic",
                "sku": "7.5",
                "version": "latest"
              }
            ],
            "tags": null,
            "timeouts": null,
            "user_data": "",
            "virtual_machine_id": "8737ba11-f1ff-4d60-8d14-acb630553716",
            "virtual_machine_scale_set_id": "",
            "vtpm_enabled": false,
            "zone": ""
          },
          "sensitive_attributes": [],
          "private": "eyJlMmJmYjczMC1lY2FhLTExZTYtOGY4OC0zNDM2M2JjN2M0YzAiOnsiY3JlYXRlIjoyNzAwMDAwMDAwMDAwLCJkZWxldGUiOjI3MDAwMDAwMDAwMDAsInJlYWQiOjMwMDAwMDAwMDAwMCwidXBkYXRlIjoyNzAwMDAwMDAwMDAwfX0=",
          "dependencies": [
            "module.linuxservers.azurerm_network_interface.networkinterface",
            "module.linuxservers.azurerm_public_ip.publicip",
            "module.linuxservers.azurerm_subnet.subnet1",
            "module.linuxservers.azurerm_virtual_network.net1"
          ]
        }
      ]
    },
    {
      "module": "module.linuxservers",
      "mode": "managed",
      "type": "azurerm_network_interface",
      "name": "networkinterface",
      "provider": "provider[\"registry.terraform.io/hashicorp/azurerm\"]",
      "instances": [
        {
          "index_key": 0,
          "schema_version": 0,
          "attributes": {
            "applied_dns_servers": [],
            "dns_servers": [],
            "enable_accelerated_networking": false,
            "enable_ip_forwarding": false,
            "id": "/subscriptions/7afe8b34-6edf-4814-ba68-be5c73c5ae1c/resourceGroups/terraform/providers/Microsoft.Network/networkInterfaces/NIC0",
            "internal_dns_name_label": "",
            "internal_domain_name_suffix": "kplw2un5lhluhi3puyqe3pgpxc.px.internal.cloudapp.net",
            "ip_configuration": [
              {
                "gateway_load_balancer_frontend_ip_configuration_id": "",
                "name": "interne",
                "primary": true,
                "private_ip_address": "10.0.0.4",
                "private_ip_address_allocation": "Dynamic",
                "private_ip_address_version": "IPv4",
                "public_ip_address_id": "/subscriptions/7afe8b34-6edf-4814-ba68-be5c73c5ae1c/resourceGroups/terraform/providers/Microsoft.Network/publicIPAddresses/IP0",
                "subnet_id": "/subscriptions/7afe8b34-6edf-4814-ba68-be5c73c5ae1c/resourceGroups/terraform/providers/Microsoft.Network/virtualNetworks/net1/subnets/subnet1"
              }
            ],
            "location": "australiaeast",
            "mac_address": "",
            "name": "NIC0",
            "private_ip_address": "10.0.0.4",
            "private_ip_addresses": [
              "10.0.0.4"
            ],
            "resource_group_name": "terraform",
            "tags": null,
            "timeouts": null,
            "virtual_machine_id": ""
          },
          "sensitive_attributes": [],
          "private": "eyJlMmJmYjczMC1lY2FhLTExZTYtOGY4OC0zNDM2M2JjN2M0YzAiOnsiY3JlYXRlIjoxODAwMDAwMDAwMDAwLCJkZWxldGUiOjE4MDAwMDAwMDAwMDAsInJlYWQiOjMwMDAwMDAwMDAwMCwidXBkYXRlIjoxODAwMDAwMDAwMDAwfX0=",
          "dependencies": [
            "module.linuxservers.azurerm_public_ip.publicip",
            "module.linuxservers.azurerm_subnet.subnet1",
            "module.linuxservers.azurerm_virtual_network.net1"
          ]
        },
        {
          "index_key": 1,
          "schema_version": 0,
          "attributes": {
            "applied_dns_servers": [],
            "dns_servers": [],
            "enable_accelerated_networking": false,
            "enable_ip_forwarding": false,
            "id": "/subscriptions/7afe8b34-6edf-4814-ba68-be5c73c5ae1c/resourceGroups/terraform/providers/Microsoft.Network/networkInterfaces/NIC1",
            "internal_dns_name_label": "",
            "internal_domain_name_suffix": "kplw2un5lhluhi3puyqe3pgpxc.px.internal.cloudapp.net",
            "ip_configuration": [
              {
                "gateway_load_balancer_frontend_ip_configuration_id": "",
                "name": "interne",
                "primary": true,
                "private_ip_address": "10.0.0.5",
                "private_ip_address_allocation": "Dynamic",
                "private_ip_address_version": "IPv4",
                "public_ip_address_id": "/subscriptions/7afe8b34-6edf-4814-ba68-be5c73c5ae1c/resourceGroups/terraform/providers/Microsoft.Network/publicIPAddresses/IP1",
                "subnet_id": "/subscriptions/7afe8b34-6edf-4814-ba68-be5c73c5ae1c/resourceGroups/terraform/providers/Microsoft.Network/virtualNetworks/net1/subnets/subnet1"
              }
            ],
            "location": "australiaeast",
            "mac_address": "",
            "name": "NIC1",
            "private_ip_address": "10.0.0.5",
            "private_ip_addresses": [
              "10.0.0.5"
            ],
            "resource_group_name": "terraform",
            "tags": null,
            "timeouts": null,
            "virtual_machine_id": ""
          },
          "sensitive_attributes": [],
          "private": "eyJlMmJmYjczMC1lY2FhLTExZTYtOGY4OC0zNDM2M2JjN2M0YzAiOnsiY3JlYXRlIjoxODAwMDAwMDAwMDAwLCJkZWxldGUiOjE4MDAwMDAwMDAwMDAsInJlYWQiOjMwMDAwMDAwMDAwMCwidXBkYXRlIjoxODAwMDAwMDAwMDAwfX0=",
          "dependencies": [
            "module.linuxservers.azurerm_public_ip.publicip",
            "module.linuxservers.azurerm_subnet.subnet1",
            "module.linuxservers.azurerm_virtual_network.net1"
          ]
        }
      ]
    },
    {
      "module": "module.linuxservers",
      "mode": "managed",
      "type": "azurerm_network_security_group",
      "name": "linux-vm-nsg",
      "provider": "provider[\"registry.terraform.io/hashicorp/azurerm\"]",
      "instances": [
        {
          "schema_version": 0,
          "attributes": {
            "id": "/subscriptions/7afe8b34-6edf-4814-ba68-be5c73c5ae1c/resourceGroups/terraform/providers/Microsoft.Network/networkSecurityGroups/linux-vm-nsg",
            "location": "australiaeast",
            "name": "linux-vm-nsg",
            "resource_group_name": "terraform",
            "security_rule": [],
            "tags": null,
            "timeouts": null
          },
          "sensitive_attributes": [],
          "private": "eyJlMmJmYjczMC1lY2FhLTExZTYtOGY4OC0zNDM2M2JjN2M0YzAiOnsiY3JlYXRlIjoxODAwMDAwMDAwMDAwLCJkZWxldGUiOjE4MDAwMDAwMDAwMDAsInJlYWQiOjMwMDAwMDAwMDAwMCwidXBkYXRlIjoxODAwMDAwMDAwMDAwfX0=",
          "dependencies": [
            "module.linuxservers.azurerm_virtual_network.net1"
          ]
        }
      ]
    },
    {
      "module": "module.linuxservers",
      "mode": "managed",
      "type": "azurerm_network_security_rule",
      "name": "http",
      "provider": "provider[\"registry.terraform.io/hashicorp/azurerm\"]",
      "instances": [
        {
          "schema_version": 0,
          "attributes": {
            "access": "Allow",
            "description": "Allow HTTP",
            "destination_address_prefix": "*",
            "destination_address_prefixes": null,
            "destination_application_security_group_ids": null,
            "destination_port_range": "80",
            "destination_port_ranges": null,
            "direction": "Inbound",
            "id": "/subscriptions/7afe8b34-6edf-4814-ba68-be5c73c5ae1c/resourceGroups/terraform/providers/Microsoft.Network/networkSecurityGroups/linux-vm-nsg/securityRules/AllowHTTP",
            "name": "AllowHTTP",
            "network_security_group_name": "linux-vm-nsg",
            "priority": 100,
            "protocol": "Tcp",
            "resource_group_name": "terraform",
            "source_address_prefix": "Internet",
            "source_address_prefixes": null,
            "source_application_security_group_ids": null,
            "source_port_range": "*",
            "source_port_ranges": null,
            "timeouts": null
          },
          "sensitive_attributes": [],
          "private": "eyJlMmJmYjczMC1lY2FhLTExZTYtOGY4OC0zNDM2M2JjN2M0YzAiOnsiY3JlYXRlIjoxODAwMDAwMDAwMDAwLCJkZWxldGUiOjE4MDAwMDAwMDAwMDAsInJlYWQiOjMwMDAwMDAwMDAwMCwidXBkYXRlIjoxODAwMDAwMDAwMDAwfX0=",
          "dependencies": [
            "module.linuxservers.azurerm_network_security_group.linux-vm-nsg",
            "module.linuxservers.azurerm_virtual_network.net1"
          ]
        }
      ]
    },
    {
      "module": "module.linuxservers",
      "mode": "managed",
      "type": "azurerm_network_security_rule",
      "name": "ssh",
      "provider": "provider[\"registry.terraform.io/hashicorp/azurerm\"]",
      "instances": [
        {
          "schema_version": 0,
          "attributes": {
            "access": "Allow",
            "description": "Allow SSH",
            "destination_address_prefix": "*",
            "destination_address_prefixes": null,
            "destination_application_security_group_ids": null,
            "destination_port_range": "22",
            "destination_port_ranges": null,
            "direction": "Inbound",
            "id": "/subscriptions/7afe8b34-6edf-4814-ba68-be5c73c5ae1c/resourceGroups/terraform/providers/Microsoft.Network/networkSecurityGroups/linux-vm-nsg/securityRules/AllowSSH",
            "name": "AllowSSH",
            "network_security_group_name": "linux-vm-nsg",
            "priority": 150,
            "protocol": "Tcp",
            "resource_group_name": "terraform",
            "source_address_prefix": "Internet",
            "source_address_prefixes": null,
            "source_application_security_group_ids": null,
            "source_port_range": "*",
            "source_port_ranges": null,
            "timeouts": null
          },
          "sensitive_attributes": [],
          "private": "eyJlMmJmYjczMC1lY2FhLTExZTYtOGY4OC0zNDM2M2JjN2M0YzAiOnsiY3JlYXRlIjoxODAwMDAwMDAwMDAwLCJkZWxldGUiOjE4MDAwMDAwMDAwMDAsInJlYWQiOjMwMDAwMDAwMDAwMCwidXBkYXRlIjoxODAwMDAwMDAwMDAwfX0=",
          "dependencies": [
            "module.linuxservers.azurerm_network_security_group.linux-vm-nsg",
            "module.linuxservers.azurerm_virtual_network.net1"
          ]
        }
      ]
    },
    {
      "module": "module.linuxservers",
      "mode": "managed",
      "type": "azurerm_public_ip",
      "name": "publicip",
      "provider": "provider[\"registry.terraform.io/hashicorp/azurerm\"]",
      "instances": [
        {
          "index_key": 0,
          "schema_version": 0,
          "attributes": {
            "allocation_method": "Static",
            "availability_zone": "No-Zone",
            "domain_name_label": null,
            "fqdn": null,
            "id": "/subscriptions/7afe8b34-6edf-4814-ba68-be5c73c5ae1c/resourceGroups/terraform/providers/Microsoft.Network/publicIPAddresses/IP0",
            "idle_timeout_in_minutes": 4,
            "ip_address": "20.213.135.120",
            "ip_tags": null,
            "ip_version": "IPv4",
            "location": "australiaeast",
            "name": "IP0",
            "public_ip_prefix_id": null,
            "resource_group_name": "terraform",
            "reverse_fqdn": null,
            "sku": "Basic",
            "sku_tier": "Regional",
            "tags": null,
            "timeouts": null,
            "zones": []
          },
          "sensitive_attributes": [],
          "private": "eyJlMmJmYjczMC1lY2FhLTExZTYtOGY4OC0zNDM2M2JjN2M0YzAiOnsiY3JlYXRlIjoxODAwMDAwMDAwMDAwLCJkZWxldGUiOjE4MDAwMDAwMDAwMDAsInJlYWQiOjMwMDAwMDAwMDAwMCwidXBkYXRlIjoxODAwMDAwMDAwMDAwfX0=",
          "dependencies": [
            "module.linuxservers.azurerm_subnet.subnet1",
            "module.linuxservers.azurerm_virtual_network.net1"
          ]
        },
        {
          "index_key": 1,
          "schema_version": 0,
          "attributes": {
            "allocation_method": "Static",
            "availability_zone": "No-Zone",
            "domain_name_label": null,
            "fqdn": null,
            "id": "/subscriptions/7afe8b34-6edf-4814-ba68-be5c73c5ae1c/resourceGroups/terraform/providers/Microsoft.Network/publicIPAddresses/IP1",
            "idle_timeout_in_minutes": 4,
            "ip_address": "20.213.135.107",
            "ip_tags": null,
            "ip_version": "IPv4",
            "location": "australiaeast",
            "name": "IP1",
            "public_ip_prefix_id": null,
            "resource_group_name": "terraform",
            "reverse_fqdn": null,
            "sku": "Basic",
            "sku_tier": "Regional",
            "tags": null,
            "timeouts": null,
            "zones": []
          },
          "sensitive_attributes": [],
          "private": "eyJlMmJmYjczMC1lY2FhLTExZTYtOGY4OC0zNDM2M2JjN2M0YzAiOnsiY3JlYXRlIjoxODAwMDAwMDAwMDAwLCJkZWxldGUiOjE4MDAwMDAwMDAwMDAsInJlYWQiOjMwMDAwMDAwMDAwMCwidXBkYXRlIjoxODAwMDAwMDAwMDAwfX0=",
          "dependencies": [
            "module.linuxservers.azurerm_subnet.subnet1",
            "module.linuxservers.azurerm_virtual_network.net1"
          ]
        }
      ]
    },
    {
      "module": "module.linuxservers",
      "mode": "managed",
      "type": "azurerm_subnet",
      "name": "subnet1",
      "provider": "provider[\"registry.terraform.io/hashicorp/azurerm\"]",
      "instances": [
        {
          "schema_version": 0,
          "attributes": {
            "address_prefix": "10.0.0.0/24",
            "address_prefixes": [
              "10.0.0.0/24"
            ],
            "delegation": [],
            "enforce_private_link_endpoint_network_policies": false,
            "enforce_private_link_service_network_policies": false,
            "id": "/subscriptions/7afe8b34-6edf-4814-ba68-be5c73c5ae1c/resourceGroups/terraform/providers/Microsoft.Network/virtualNetworks/net1/subnets/subnet1",
            "name": "subnet1",
            "resource_group_name": "terraform",
            "service_endpoint_policy_ids": null,
            "service_endpoints": null,
            "timeouts": null,
            "virtual_network_name": "net1"
          },
          "sensitive_attributes": [],
          "private": "eyJlMmJmYjczMC1lY2FhLTExZTYtOGY4OC0zNDM2M2JjN2M0YzAiOnsiY3JlYXRlIjoxODAwMDAwMDAwMDAwLCJkZWxldGUiOjE4MDAwMDAwMDAwMDAsInJlYWQiOjMwMDAwMDAwMDAwMCwidXBkYXRlIjoxODAwMDAwMDAwMDAwfX0=",
          "dependencies": [
            "module.linuxservers.azurerm_virtual_network.net1"
          ]
        }
      ]
    },
    {
      "module": "module.linuxservers",
      "mode": "managed",
      "type": "azurerm_subnet_network_security_group_association",
      "name": "linux-vm-nsg-association",
      "provider": "provider[\"registry.terraform.io/hashicorp/azurerm\"]",
      "instances": [
        {
          "schema_version": 0,
          "attributes": {
            "id": "/subscriptions/7afe8b34-6edf-4814-ba68-be5c73c5ae1c/resourceGroups/terraform/providers/Microsoft.Network/virtualNetworks/net1/subnets/subnet1",
            "network_security_group_id": "/subscriptions/7afe8b34-6edf-4814-ba68-be5c73c5ae1c/resourceGroups/terraform/providers/Microsoft.Network/networkSecurityGroups/linux-vm-nsg",
            "subnet_id": "/subscriptions/7afe8b34-6edf-4814-ba68-be5c73c5ae1c/resourceGroups/terraform/providers/Microsoft.Network/virtualNetworks/net1/subnets/subnet1",
            "timeouts": null
          },
          "sensitive_attributes": [],
          "private": "eyJlMmJmYjczMC1lY2FhLTExZTYtOGY4OC0zNDM2M2JjN2M0YzAiOnsiY3JlYXRlIjoxODAwMDAwMDAwMDAwLCJkZWxldGUiOjE4MDAwMDAwMDAwMDAsInJlYWQiOjMwMDAwMDAwMDAwMCwidXBkYXRlIjoxODAwMDAwMDAwMDAwfX0=",
          "dependencies": [
            "module.linuxservers.azurerm_network_security_group.linux-vm-nsg",
            "module.linuxservers.azurerm_subnet.subnet1",
            "module.linuxservers.azurerm_virtual_network.net1"
          ]
        }
      ]
    },
    {
      "module": "module.linuxservers",
      "mode": "managed",
      "type": "azurerm_virtual_network",
      "name": "net1",
      "provider": "provider[\"registry.terraform.io/hashicorp/azurerm\"]",
      "instances": [
        {
          "schema_version": 0,
          "attributes": {
            "address_space": [
              "10.0.0.0/16"
            ],
            "bgp_community": "",
            "ddos_protection_plan": [],
            "dns_servers": [],
            "flow_timeout_in_minutes": 0,
            "guid": "516ed753-59bf-43d7-a3af-a6204ebccfba",
            "id": "/subscriptions/7afe8b34-6edf-4814-ba68-be5c73c5ae1c/resourceGroups/terraform/providers/Microsoft.Network/virtualNetworks/net1",
            "location": "australiaeast",
            "name": "net1",
            "resource_group_name": "terraform",
            "subnet": [],
            "tags": null,
            "timeouts": null,
            "vm_protection_enabled": false
          },
          "sensitive_attributes": [],
          "private": "eyJlMmJmYjczMC1lY2FhLTExZTYtOGY4OC0zNDM2M2JjN2M0YzAiOnsiY3JlYXRlIjoxODAwMDAwMDAwMDAwLCJkZWxldGUiOjE4MDAwMDAwMDAwMDAsInJlYWQiOjMwMDAwMDAwMDAwMCwidXBkYXRlIjoxODAwMDAwMDAwMDAwfX0="
        }
      ]
    }
  ],
  "check_results": null
}
