{
  "version": 4,
  "terraform_version": "1.3.5",
  "serial": 98,
  "lineage": "945b3d04-1f1c-392f-8c9b-4aa41accfacf",
  "outputs": {
    "Ippublic": {
      "value": [
        {
          "allocation_method": "Static",
          "availability_zone": "No-Zone",
          "domain_name_label": null,
          "fqdn": null,
          "id": "/subscriptions/799be9fd-0f40-4fa4-8eb0-b7e881bb24f1/resourceGroups/terraform/providers/Microsoft.Network/publicIPAddresses/IP0",
          "idle_timeout_in_minutes": 4,
          "ip_address": "20.213.93.160",
          "ip_tags": null,
          "ip_version": "IPv4",
          "location": "australiaeast",
          "name": "IP0",
          "public_ip_prefix_id": null,
          "resource_group_name": "terraform",
          "reverse_fqdn": null,
          "sku": "Basic",
          "sku_tier": "Regional",
          "tags": null,
          "timeouts": null,
          "zones": []
        },
        {
          "allocation_method": "Static",
          "availability_zone": "No-Zone",
          "domain_name_label": null,
          "fqdn": null,
          "id": "/subscriptions/799be9fd-0f40-4fa4-8eb0-b7e881bb24f1/resourceGroups/terraform/providers/Microsoft.Network/publicIPAddresses/IP1",
          "idle_timeout_in_minutes": 4,
          "ip_address": "20.92.245.240",
          "ip_tags": null,
          "ip_version": "IPv4",
          "location": "australiaeast",
          "name": "IP1",
          "public_ip_prefix_id": null,
          "resource_group_name": "terraform",
          "reverse_fqdn": null,
          "sku": "Basic",
          "sku_tier": "Regional",
          "tags": null,
          "timeouts": null,
          "zones": []
        }
      ],
      "type": [
        "tuple",
        [
          [
            "object",
            {
              "allocation_method": "string",
              "availability_zone": "string",
              "domain_name_label": "string",
              "fqdn": "string",
              "id": "string",
              "idle_timeout_in_minutes": "number",
              "ip_address": "string",
              "ip_tags": [
                "map",
                "string"
              ],
              "ip_version": "string",
              "location": "string",
              "name": "string",
              "public_ip_prefix_id": "string",
              "resource_group_name": "string",
              "reverse_fqdn": "string",
              "sku": "string",
              "sku_tier": "string",
              "tags": [
                "map",
                "string"
              ],
              "timeouts": [
                "object",
                {
                  "create": "string",
                  "delete": "string",
                  "read": "string",
                  "update": "string"
                }
              ],
              "zones": [
                "list",
                "string"
              ]
            }
          ],
          [
            "object",
            {
              "allocation_method": "string",
              "availability_zone": "string",
              "domain_name_label": "string",
              "fqdn": "string",
              "id": "string",
              "idle_timeout_in_minutes": "number",
              "ip_address": "string",
              "ip_tags": [
                "map",
                "string"
              ],
              "ip_version": "string",
              "location": "string",
              "name": "string",
              "public_ip_prefix_id": "string",
              "resource_group_name": "string",
              "reverse_fqdn": "string",
              "sku": "string",
              "sku_tier": "string",
              "tags": [
                "map",
                "string"
              ],
              "timeouts": [
                "object",
                {
                  "create": "string",
                  "delete": "string",
                  "read": "string",
                  "update": "string"
                }
              ],
              "zones": [
                "list",
                "string"
              ]
            }
          ]
        ]
      ]
    },
    "user_connection": {
      "value": [
        "adminuser",
        "adminuser"
      ],
      "type": [
        "tuple",
        [
          "string",
          "string"
        ]
      ]
    }
  },
  "resources": [
    {
      "mode": "managed",
      "type": "azurerm_sql_server",
      "name": "example",
      "provider": "provider[\"registry.terraform.io/hashicorp/azurerm\"]",
      "instances": [
        {
          "schema_version": 0,
          "attributes": {
            "administrator_login": "4dm1n157r470r",
            "administrator_login_password": "4-v3ry-53cr37-p455w0rd",
            "connection_policy": "Default",
            "extended_auditing_policy": [],
            "fully_qualified_domain_name": "myexamplesqlserverclem.database.windows.net",
            "id": "/subscriptions/799be9fd-0f40-4fa4-8eb0-b7e881bb24f1/resourceGroups/terraform/providers/Microsoft.Sql/servers/myexamplesqlserverclem",
            "identity": [],
            "location": "australiaeast",
            "name": "myexamplesqlserverclem",
            "resource_group_name": "terraform",
            "tags": {
              "environment": "production"
            },
            "threat_detection_policy": [
              {
                "disabled_alerts": [
                  ""
                ],
                "email_account_admins": false,
                "email_addresses": [
                  ""
                ],
                "retention_days": 0,
                "state": "Disabled",
                "storage_account_access_key": "",
                "storage_endpoint": ""
              }
            ],
            "timeouts": null,
            "version": "12.0"
          },
          "sensitive_attributes": [],
          "private": "eyJlMmJmYjczMC1lY2FhLTExZTYtOGY4OC0zNDM2M2JjN2M0YzAiOnsiY3JlYXRlIjozNjAwMDAwMDAwMDAwLCJkZWxldGUiOjM2MDAwMDAwMDAwMDAsInJlYWQiOjMwMDAwMDAwMDAwMCwidXBkYXRlIjozNjAwMDAwMDAwMDAwfX0=",
          "dependencies": [
            "module.linuxservers.azurerm_resource_group.terraform"
          ]
        }
      ]
    },
    {
      "module": "module.linuxservers",
      "mode": "managed",
      "type": "azurerm_linux_virtual_machine",
      "name": "VM",
      "provider": "module.linuxservers.provider[\"registry.terraform.io/hashicorp/azurerm\"]",
      "instances": [
        {
          "index_key": 0,
          "schema_version": 0,
          "attributes": {
            "additional_capabilities": [],
            "admin_password": null,
            "admin_ssh_key": [
              {
                "public_key": "ssh-rsa AAAAB3NzaC1yc2EAAAADAQABAAABgQCi6eDxFQE3qopPkb9qyUY14VBXcYDZuMcdkeNLy+NyPVSqO8SnkwqNykEo2xHxvTxctHfIwsga3ppnfzFD/kW2F6TxqvbyZoQyeSMDPfiB5VejvTjSjS6ouzpU4D5FG5NsRaFB4V4LAZQfI67iRp+B/ObpsUCAH+P7QM0CxVTmR6vCbgvR6oGVGWRXnIEdGP76btd+Noe3ZEIdb4z+Dex8ULxM4KuJ9wmhmRzDuBAyF4lla1Q4xorsCn840DYjL2FSr92TOeK73P5eMBBnFfj2twCyvm0mvurkee4J6uoRV/Jdf1UfH/iyzMRF4b5FpMDmwIpNR8wYd1EVDhaQVm7UiuYVCZGK3y+TBGSH5vxab2NrRy+2l9maS+CizK0p+ngC/XPPooWcGuIoSnauIo6IJQpybIdmARb01UG+7aAhqq9QmR5aAAdwFoWGY18DV9UeHbbp0PRnbdyHtLA8zE9cGKdHgC3+H40l/EKu9hhYGIMzHsQruOeEjVZbVRV0J6s= azureuser@Deploy\n",
                "username": "adminuser"
              }
            ],
            "admin_username": "adminuser",
            "allow_extension_operations": true,
            "availability_set_id": "",
            "boot_diagnostics": [],
            "computer_name": "VM0",
            "custom_data": null,
            "dedicated_host_group_id": "",
            "dedicated_host_id": "",
            "disable_password_authentication": true,
            "encryption_at_host_enabled": false,
            "eviction_policy": "",
            "extensions_time_budget": "PT1H30M",
            "id": "/subscriptions/799be9fd-0f40-4fa4-8eb0-b7e881bb24f1/resourceGroups/terraform/providers/Microsoft.Compute/virtualMachines/VM0",
            "identity": [],
            "license_type": "",
            "location": "australiaeast",
            "max_bid_price": -1,
            "name": "VM0",
            "network_interface_ids": [
              "/subscriptions/799be9fd-0f40-4fa4-8eb0-b7e881bb24f1/resourceGroups/terraform/providers/Microsoft.Network/networkInterfaces/NIC0"
            ],
            "os_disk": [
              {
                "caching": "ReadWrite",
                "diff_disk_settings": [],
                "disk_encryption_set_id": "",
                "disk_size_gb": 30,
                "name": "VM0_OsDisk_1_13a8f406fc40474aa292bf6f43d236c1",
                "storage_account_type": "Standard_LRS",
                "write_accelerator_enabled": false
              }
            ],
            "patch_mode": "ImageDefault",
            "plan": [],
            "platform_fault_domain": -1,
            "priority": "Regular",
            "private_ip_address": "10.0.0.5",
            "private_ip_addresses": [
              "10.0.0.5"
            ],
            "provision_vm_agent": true,
            "proximity_placement_group_id": "",
            "public_ip_address": "20.213.93.160",
            "public_ip_addresses": [
              "20.213.93.160"
            ],
            "resource_group_name": "terraform",
            "secret": [],
            "secure_boot_enabled": false,
            "size": "Standard_F2",
            "source_image_id": "",
            "source_image_reference": [
              {
                "offer": "CentOS",
                "publisher": "OpenLogic",
                "sku": "7.5",
                "version": "latest"
              }
            ],
            "tags": null,
            "timeouts": null,
            "user_data": "",
            "virtual_machine_id": "023392db-db91-4d28-a0ea-1fa02af6fae5",
            "virtual_machine_scale_set_id": "",
            "vtpm_enabled": false,
            "zone": ""
          },
          "sensitive_attributes": [],
          "private": "eyJlMmJmYjczMC1lY2FhLTExZTYtOGY4OC0zNDM2M2JjN2M0YzAiOnsiY3JlYXRlIjoyNzAwMDAwMDAwMDAwLCJkZWxldGUiOjI3MDAwMDAwMDAwMDAsInJlYWQiOjMwMDAwMDAwMDAwMCwidXBkYXRlIjoyNzAwMDAwMDAwMDAwfX0=",
          "dependencies": [
            "module.linuxservers.azurerm_network_interface.networkinterface",
            "module.linuxservers.azurerm_public_ip.publicip",
            "module.linuxservers.azurerm_resource_group.terraform",
            "module.linuxservers.azurerm_subnet.subnet1",
            "module.linuxservers.azurerm_virtual_network.net1"
          ]
        },
        {
          "index_key": 1,
          "schema_version": 0,
          "attributes": {
            "additional_capabilities": [],
            "admin_password": null,
            "admin_ssh_key": [
              {
                "public_key": "ssh-rsa AAAAB3NzaC1yc2EAAAADAQABAAABgQCi6eDxFQE3qopPkb9qyUY14VBXcYDZuMcdkeNLy+NyPVSqO8SnkwqNykEo2xHxvTxctHfIwsga3ppnfzFD/kW2F6TxqvbyZoQyeSMDPfiB5VejvTjSjS6ouzpU4D5FG5NsRaFB4V4LAZQfI67iRp+B/ObpsUCAH+P7QM0CxVTmR6vCbgvR6oGVGWRXnIEdGP76btd+Noe3ZEIdb4z+Dex8ULxM4KuJ9wmhmRzDuBAyF4lla1Q4xorsCn840DYjL2FSr92TOeK73P5eMBBnFfj2twCyvm0mvurkee4J6uoRV/Jdf1UfH/iyzMRF4b5FpMDmwIpNR8wYd1EVDhaQVm7UiuYVCZGK3y+TBGSH5vxab2NrRy+2l9maS+CizK0p+ngC/XPPooWcGuIoSnauIo6IJQpybIdmARb01UG+7aAhqq9QmR5aAAdwFoWGY18DV9UeHbbp0PRnbdyHtLA8zE9cGKdHgC3+H40l/EKu9hhYGIMzHsQruOeEjVZbVRV0J6s= azureuser@Deploy\n",
                "username": "adminuser"
              }
            ],
            "admin_username": "adminuser",
            "allow_extension_operations": true,
            "availability_set_id": "",
            "boot_diagnostics": [],
            "computer_name": "VM1",
            "custom_data": null,
            "dedicated_host_group_id": "",
            "dedicated_host_id": "",
            "disable_password_authentication": true,
            "encryption_at_host_enabled": false,
            "eviction_policy": "",
            "extensions_time_budget": "PT1H30M",
            "id": "/subscriptions/799be9fd-0f40-4fa4-8eb0-b7e881bb24f1/resourceGroups/terraform/providers/Microsoft.Compute/virtualMachines/VM1",
            "identity": [],
            "license_type": "",
            "location": "australiaeast",
            "max_bid_price": -1,
            "name": "VM1",
            "network_interface_ids": [
              "/subscriptions/799be9fd-0f40-4fa4-8eb0-b7e881bb24f1/resourceGroups/terraform/providers/Microsoft.Network/networkInterfaces/NIC1"
            ],
            "os_disk": [
              {
                "caching": "ReadWrite",
                "diff_disk_settings": [],
                "disk_encryption_set_id": "",
                "disk_size_gb": 30,
                "name": "VM1_OsDisk_1_4c413e109b7540d8bbbfa6bd904ccda0",
                "storage_account_type": "Standard_LRS",
                "write_accelerator_enabled": false
              }
            ],
            "patch_mode": "ImageDefault",
            "plan": [],
            "platform_fault_domain": -1,
            "priority": "Regular",
            "private_ip_address": "10.0.0.4",
            "private_ip_addresses": [
              "10.0.0.4"
            ],
            "provision_vm_agent": true,
            "proximity_placement_group_id": "",
            "public_ip_address": "20.92.245.240",
            "public_ip_addresses": [
              "20.92.245.240"
            ],
            "resource_group_name": "terraform",
            "secret": [],
            "secure_boot_enabled": false,
            "size": "Standard_F2",
            "source_image_id": "",
            "source_image_reference": [
              {
                "offer": "CentOS",
                "publisher": "OpenLogic",
                "sku": "7.5",
                "version": "latest"
              }
            ],
            "tags": null,
            "timeouts": null,
            "user_data": "",
            "virtual_machine_id": "29ca7887-20a4-42a6-8096-295f4b63625e",
            "virtual_machine_scale_set_id": "",
            "vtpm_enabled": false,
            "zone": ""
          },
          "sensitive_attributes": [],
          "private": "eyJlMmJmYjczMC1lY2FhLTExZTYtOGY4OC0zNDM2M2JjN2M0YzAiOnsiY3JlYXRlIjoyNzAwMDAwMDAwMDAwLCJkZWxldGUiOjI3MDAwMDAwMDAwMDAsInJlYWQiOjMwMDAwMDAwMDAwMCwidXBkYXRlIjoyNzAwMDAwMDAwMDAwfX0=",
          "dependencies": [
            "module.linuxservers.azurerm_network_interface.networkinterface",
            "module.linuxservers.azurerm_public_ip.publicip",
            "module.linuxservers.azurerm_resource_group.terraform",
            "module.linuxservers.azurerm_subnet.subnet1",
            "module.linuxservers.azurerm_virtual_network.net1"
          ]
        }
      ]
    },
    {
      "module": "module.linuxservers",
      "mode": "managed",
      "type": "azurerm_network_interface",
      "name": "networkinterface",
      "provider": "module.linuxservers.provider[\"registry.terraform.io/hashicorp/azurerm\"]",
      "instances": [
        {
          "index_key": 0,
          "schema_version": 0,
          "attributes": {
            "applied_dns_servers": [],
            "dns_servers": [],
            "enable_accelerated_networking": false,
            "enable_ip_forwarding": false,
            "id": "/subscriptions/799be9fd-0f40-4fa4-8eb0-b7e881bb24f1/resourceGroups/terraform/providers/Microsoft.Network/networkInterfaces/NIC0",
            "internal_dns_name_label": "",
            "internal_domain_name_suffix": "xoi0ypvb4f5ufordkfkqhgfndh.px.internal.cloudapp.net",
            "ip_configuration": [
              {
                "gateway_load_balancer_frontend_ip_configuration_id": "",
                "name": "interne",
                "primary": true,
                "private_ip_address": "10.0.0.5",
                "private_ip_address_allocation": "Dynamic",
                "private_ip_address_version": "IPv4",
                "public_ip_address_id": "/subscriptions/799be9fd-0f40-4fa4-8eb0-b7e881bb24f1/resourceGroups/terraform/providers/Microsoft.Network/publicIPAddresses/IP0",
                "subnet_id": "/subscriptions/799be9fd-0f40-4fa4-8eb0-b7e881bb24f1/resourceGroups/terraform/providers/Microsoft.Network/virtualNetworks/net1/subnets/subnet1"
              }
            ],
            "location": "australiaeast",
            "mac_address": "",
            "name": "NIC0",
            "private_ip_address": "10.0.0.5",
            "private_ip_addresses": [
              "10.0.0.5"
            ],
            "resource_group_name": "terraform",
            "tags": null,
            "timeouts": null,
            "virtual_machine_id": ""
          },
          "sensitive_attributes": [],
          "private": "eyJlMmJmYjczMC1lY2FhLTExZTYtOGY4OC0zNDM2M2JjN2M0YzAiOnsiY3JlYXRlIjoxODAwMDAwMDAwMDAwLCJkZWxldGUiOjE4MDAwMDAwMDAwMDAsInJlYWQiOjMwMDAwMDAwMDAwMCwidXBkYXRlIjoxODAwMDAwMDAwMDAwfX0=",
          "dependencies": [
            "module.linuxservers.azurerm_public_ip.publicip",
            "module.linuxservers.azurerm_resource_group.terraform",
            "module.linuxservers.azurerm_subnet.subnet1",
            "module.linuxservers.azurerm_virtual_network.net1"
          ]
        },
        {
          "index_key": 1,
          "schema_version": 0,
          "attributes": {
            "applied_dns_servers": [],
            "dns_servers": [],
            "enable_accelerated_networking": false,
            "enable_ip_forwarding": false,
            "id": "/subscriptions/799be9fd-0f40-4fa4-8eb0-b7e881bb24f1/resourceGroups/terraform/providers/Microsoft.Network/networkInterfaces/NIC1",
            "internal_dns_name_label": "",
            "internal_domain_name_suffix": "xoi0ypvb4f5ufordkfkqhgfndh.px.internal.cloudapp.net",
            "ip_configuration": [
              {
                "gateway_load_balancer_frontend_ip_configuration_id": "",
                "name": "interne",
                "primary": true,
                "private_ip_address": "10.0.0.4",
                "private_ip_address_allocation": "Dynamic",
                "private_ip_address_version": "IPv4",
                "public_ip_address_id": "/subscriptions/799be9fd-0f40-4fa4-8eb0-b7e881bb24f1/resourceGroups/terraform/providers/Microsoft.Network/publicIPAddresses/IP1",
                "subnet_id": "/subscriptions/799be9fd-0f40-4fa4-8eb0-b7e881bb24f1/resourceGroups/terraform/providers/Microsoft.Network/virtualNetworks/net1/subnets/subnet1"
              }
            ],
            "location": "australiaeast",
            "mac_address": "",
            "name": "NIC1",
            "private_ip_address": "10.0.0.4",
            "private_ip_addresses": [
              "10.0.0.4"
            ],
            "resource_group_name": "terraform",
            "tags": null,
            "timeouts": null,
            "virtual_machine_id": ""
          },
          "sensitive_attributes": [],
          "private": "eyJlMmJmYjczMC1lY2FhLTExZTYtOGY4OC0zNDM2M2JjN2M0YzAiOnsiY3JlYXRlIjoxODAwMDAwMDAwMDAwLCJkZWxldGUiOjE4MDAwMDAwMDAwMDAsInJlYWQiOjMwMDAwMDAwMDAwMCwidXBkYXRlIjoxODAwMDAwMDAwMDAwfX0=",
          "dependencies": [
            "module.linuxservers.azurerm_public_ip.publicip",
            "module.linuxservers.azurerm_resource_group.terraform",
            "module.linuxservers.azurerm_subnet.subnet1",
            "module.linuxservers.azurerm_virtual_network.net1"
          ]
        }
      ]
    },
    {
      "module": "module.linuxservers",
      "mode": "managed",
      "type": "azurerm_network_security_group",
      "name": "linux-vm-nsg",
      "provider": "module.linuxservers.provider[\"registry.terraform.io/hashicorp/azurerm\"]",
      "instances": [
        {
          "schema_version": 0,
          "attributes": {
            "id": "/subscriptions/799be9fd-0f40-4fa4-8eb0-b7e881bb24f1/resourceGroups/terraform/providers/Microsoft.Network/networkSecurityGroups/linux-vm-nsg",
            "location": "australiaeast",
            "name": "linux-vm-nsg",
            "resource_group_name": "terraform",
            "security_rule": [],
            "tags": null,
            "timeouts": null
          },
          "sensitive_attributes": [],
          "private": "eyJlMmJmYjczMC1lY2FhLTExZTYtOGY4OC0zNDM2M2JjN2M0YzAiOnsiY3JlYXRlIjoxODAwMDAwMDAwMDAwLCJkZWxldGUiOjE4MDAwMDAwMDAwMDAsInJlYWQiOjMwMDAwMDAwMDAwMCwidXBkYXRlIjoxODAwMDAwMDAwMDAwfX0=",
          "dependencies": [
            "module.linuxservers.azurerm_resource_group.terraform",
            "module.linuxservers.azurerm_virtual_network.net1"
          ]
        }
      ]
    },
    {
      "module": "module.linuxservers",
      "mode": "managed",
      "type": "azurerm_network_security_rule",
      "name": "http",
      "provider": "module.linuxservers.provider[\"registry.terraform.io/hashicorp/azurerm\"]",
      "instances": [
        {
          "schema_version": 0,
          "attributes": {
            "access": "Allow",
            "description": "Allow HTTP",
            "destination_address_prefix": "*",
            "destination_address_prefixes": null,
            "destination_application_security_group_ids": null,
            "destination_port_range": "80",
            "destination_port_ranges": null,
            "direction": "Inbound",
            "id": "/subscriptions/799be9fd-0f40-4fa4-8eb0-b7e881bb24f1/resourceGroups/terraform/providers/Microsoft.Network/networkSecurityGroups/linux-vm-nsg/securityRules/AllowHTTP",
            "name": "AllowHTTP",
            "network_security_group_name": "linux-vm-nsg",
            "priority": 100,
            "protocol": "Tcp",
            "resource_group_name": "terraform",
            "source_address_prefix": "Internet",
            "source_address_prefixes": null,
            "source_application_security_group_ids": null,
            "source_port_range": "*",
            "source_port_ranges": null,
            "timeouts": null
          },
          "sensitive_attributes": [],
          "private": "eyJlMmJmYjczMC1lY2FhLTExZTYtOGY4OC0zNDM2M2JjN2M0YzAiOnsiY3JlYXRlIjoxODAwMDAwMDAwMDAwLCJkZWxldGUiOjE4MDAwMDAwMDAwMDAsInJlYWQiOjMwMDAwMDAwMDAwMCwidXBkYXRlIjoxODAwMDAwMDAwMDAwfX0=",
          "dependencies": [
            "module.linuxservers.azurerm_network_security_group.linux-vm-nsg",
            "module.linuxservers.azurerm_resource_group.terraform",
            "module.linuxservers.azurerm_virtual_network.net1"
          ]
        }
      ]
    },
    {
      "module": "module.linuxservers",
      "mode": "managed",
      "type": "azurerm_network_security_rule",
      "name": "ssh",
      "provider": "module.linuxservers.provider[\"registry.terraform.io/hashicorp/azurerm\"]",
      "instances": [
        {
          "schema_version": 0,
          "attributes": {
            "access": "Allow",
            "description": "Allow SSH",
            "destination_address_prefix": "*",
            "destination_address_prefixes": null,
            "destination_application_security_group_ids": null,
            "destination_port_range": "22",
            "destination_port_ranges": null,
            "direction": "Inbound",
            "id": "/subscriptions/799be9fd-0f40-4fa4-8eb0-b7e881bb24f1/resourceGroups/terraform/providers/Microsoft.Network/networkSecurityGroups/linux-vm-nsg/securityRules/AllowSSH",
            "name": "AllowSSH",
            "network_security_group_name": "linux-vm-nsg",
            "priority": 150,
            "protocol": "Tcp",
            "resource_group_name": "terraform",
            "source_address_prefix": "Internet",
            "source_address_prefixes": null,
            "source_application_security_group_ids": null,
            "source_port_range": "*",
            "source_port_ranges": null,
            "timeouts": null
          },
          "sensitive_attributes": [],
          "private": "eyJlMmJmYjczMC1lY2FhLTExZTYtOGY4OC0zNDM2M2JjN2M0YzAiOnsiY3JlYXRlIjoxODAwMDAwMDAwMDAwLCJkZWxldGUiOjE4MDAwMDAwMDAwMDAsInJlYWQiOjMwMDAwMDAwMDAwMCwidXBkYXRlIjoxODAwMDAwMDAwMDAwfX0=",
          "dependencies": [
            "module.linuxservers.azurerm_network_security_group.linux-vm-nsg",
            "module.linuxservers.azurerm_resource_group.terraform",
            "module.linuxservers.azurerm_virtual_network.net1"
          ]
        }
      ]
    },
    {
      "module": "module.linuxservers",
      "mode": "managed",
      "type": "azurerm_public_ip",
      "name": "publicip",
      "provider": "module.linuxservers.provider[\"registry.terraform.io/hashicorp/azurerm\"]",
      "instances": [
        {
          "index_key": 0,
          "schema_version": 0,
          "attributes": {
            "allocation_method": "Static",
            "availability_zone": "No-Zone",
            "domain_name_label": null,
            "fqdn": null,
            "id": "/subscriptions/799be9fd-0f40-4fa4-8eb0-b7e881bb24f1/resourceGroups/terraform/providers/Microsoft.Network/publicIPAddresses/IP0",
            "idle_timeout_in_minutes": 4,
            "ip_address": "20.213.93.160",
            "ip_tags": null,
            "ip_version": "IPv4",
            "location": "australiaeast",
            "name": "IP0",
            "public_ip_prefix_id": null,
            "resource_group_name": "terraform",
            "reverse_fqdn": null,
            "sku": "Basic",
            "sku_tier": "Regional",
            "tags": null,
            "timeouts": null,
            "zones": []
          },
          "sensitive_attributes": [],
          "private": "eyJlMmJmYjczMC1lY2FhLTExZTYtOGY4OC0zNDM2M2JjN2M0YzAiOnsiY3JlYXRlIjoxODAwMDAwMDAwMDAwLCJkZWxldGUiOjE4MDAwMDAwMDAwMDAsInJlYWQiOjMwMDAwMDAwMDAwMCwidXBkYXRlIjoxODAwMDAwMDAwMDAwfX0=",
          "dependencies": [
            "module.linuxservers.azurerm_resource_group.terraform",
            "module.linuxservers.azurerm_subnet.subnet1",
            "module.linuxservers.azurerm_virtual_network.net1"
          ]
        },
        {
          "index_key": 1,
          "schema_version": 0,
          "attributes": {
            "allocation_method": "Static",
            "availability_zone": "No-Zone",
            "domain_name_label": null,
            "fqdn": null,
            "id": "/subscriptions/799be9fd-0f40-4fa4-8eb0-b7e881bb24f1/resourceGroups/terraform/providers/Microsoft.Network/publicIPAddresses/IP1",
            "idle_timeout_in_minutes": 4,
            "ip_address": "20.92.245.240",
            "ip_tags": null,
            "ip_version": "IPv4",
            "location": "australiaeast",
            "name": "IP1",
            "public_ip_prefix_id": null,
            "resource_group_name": "terraform",
            "reverse_fqdn": null,
            "sku": "Basic",
            "sku_tier": "Regional",
            "tags": null,
            "timeouts": null,
            "zones": []
          },
          "sensitive_attributes": [],
          "private": "eyJlMmJmYjczMC1lY2FhLTExZTYtOGY4OC0zNDM2M2JjN2M0YzAiOnsiY3JlYXRlIjoxODAwMDAwMDAwMDAwLCJkZWxldGUiOjE4MDAwMDAwMDAwMDAsInJlYWQiOjMwMDAwMDAwMDAwMCwidXBkYXRlIjoxODAwMDAwMDAwMDAwfX0=",
          "dependencies": [
            "module.linuxservers.azurerm_resource_group.terraform",
            "module.linuxservers.azurerm_subnet.subnet1",
            "module.linuxservers.azurerm_virtual_network.net1"
          ]
        }
      ]
    },
    {
      "module": "module.linuxservers",
      "mode": "managed",
      "type": "azurerm_resource_group",
      "name": "terraform",
      "provider": "module.linuxservers.provider[\"registry.terraform.io/hashicorp/azurerm\"]",
      "instances": [
        {
          "schema_version": 0,
          "attributes": {
            "id": "/subscriptions/799be9fd-0f40-4fa4-8eb0-b7e881bb24f1/resourceGroups/terraform",
            "location": "australiaeast",
            "name": "terraform",
            "tags": null,
            "timeouts": null
          },
          "sensitive_attributes": [],
          "private": "eyJlMmJmYjczMC1lY2FhLTExZTYtOGY4OC0zNDM2M2JjN2M0YzAiOnsiY3JlYXRlIjo1NDAwMDAwMDAwMDAwLCJkZWxldGUiOjU0MDAwMDAwMDAwMDAsInJlYWQiOjMwMDAwMDAwMDAwMCwidXBkYXRlIjo1NDAwMDAwMDAwMDAwfX0="
        }
      ]
    },
    {
      "module": "module.linuxservers",
      "mode": "managed",
      "type": "azurerm_subnet",
      "name": "subnet1",
      "provider": "module.linuxservers.provider[\"registry.terraform.io/hashicorp/azurerm\"]",
      "instances": [
        {
          "schema_version": 0,
          "attributes": {
            "address_prefix": "10.0.0.0/24",
            "address_prefixes": [
              "10.0.0.0/24"
            ],
            "delegation": [],
            "enforce_private_link_endpoint_network_policies": false,
            "enforce_private_link_service_network_policies": false,
            "id": "/subscriptions/799be9fd-0f40-4fa4-8eb0-b7e881bb24f1/resourceGroups/terraform/providers/Microsoft.Network/virtualNetworks/net1/subnets/subnet1",
            "name": "subnet1",
            "resource_group_name": "terraform",
            "service_endpoint_policy_ids": null,
            "service_endpoints": null,
            "timeouts": null,
            "virtual_network_name": "net1"
          },
          "sensitive_attributes": [],
          "private": "eyJlMmJmYjczMC1lY2FhLTExZTYtOGY4OC0zNDM2M2JjN2M0YzAiOnsiY3JlYXRlIjoxODAwMDAwMDAwMDAwLCJkZWxldGUiOjE4MDAwMDAwMDAwMDAsInJlYWQiOjMwMDAwMDAwMDAwMCwidXBkYXRlIjoxODAwMDAwMDAwMDAwfX0=",
          "dependencies": [
            "module.linuxservers.azurerm_resource_group.terraform",
            "module.linuxservers.azurerm_virtual_network.net1"
          ]
        }
      ]
    },
    {
      "module": "module.linuxservers",
      "mode": "managed",
      "type": "azurerm_subnet_network_security_group_association",
      "name": "linux-vm-nsg-association",
      "provider": "module.linuxservers.provider[\"registry.terraform.io/hashicorp/azurerm\"]",
      "instances": [
        {
          "schema_version": 0,
          "attributes": {
            "id": "/subscriptions/799be9fd-0f40-4fa4-8eb0-b7e881bb24f1/resourceGroups/terraform/providers/Microsoft.Network/virtualNetworks/net1/subnets/subnet1",
            "network_security_group_id": "/subscriptions/799be9fd-0f40-4fa4-8eb0-b7e881bb24f1/resourceGroups/terraform/providers/Microsoft.Network/networkSecurityGroups/linux-vm-nsg",
            "subnet_id": "/subscriptions/799be9fd-0f40-4fa4-8eb0-b7e881bb24f1/resourceGroups/terraform/providers/Microsoft.Network/virtualNetworks/net1/subnets/subnet1",
            "timeouts": null
          },
          "sensitive_attributes": [],
          "private": "eyJlMmJmYjczMC1lY2FhLTExZTYtOGY4OC0zNDM2M2JjN2M0YzAiOnsiY3JlYXRlIjoxODAwMDAwMDAwMDAwLCJkZWxldGUiOjE4MDAwMDAwMDAwMDAsInJlYWQiOjMwMDAwMDAwMDAwMCwidXBkYXRlIjoxODAwMDAwMDAwMDAwfX0=",
          "dependencies": [
            "module.linuxservers.azurerm_network_security_group.linux-vm-nsg",
            "module.linuxservers.azurerm_resource_group.terraform",
            "module.linuxservers.azurerm_subnet.subnet1",
            "module.linuxservers.azurerm_virtual_network.net1"
          ]
        }
      ]
    },
    {
      "module": "module.linuxservers",
      "mode": "managed",
      "type": "azurerm_virtual_network",
      "name": "net1",
      "provider": "module.linuxservers.provider[\"registry.terraform.io/hashicorp/azurerm\"]",
      "instances": [
        {
          "schema_version": 0,
          "attributes": {
            "address_space": [
              "10.0.0.0/16"
            ],
            "bgp_community": "",
            "ddos_protection_plan": [],
            "dns_servers": [],
            "flow_timeout_in_minutes": 0,
            "guid": "3eac91bb-f1a1-427f-ba23-51550398ad1f",
            "id": "/subscriptions/799be9fd-0f40-4fa4-8eb0-b7e881bb24f1/resourceGroups/terraform/providers/Microsoft.Network/virtualNetworks/net1",
            "location": "australiaeast",
            "name": "net1",
            "resource_group_name": "terraform",
            "subnet": [],
            "tags": null,
            "timeouts": null,
            "vm_protection_enabled": false
          },
          "sensitive_attributes": [],
          "private": "eyJlMmJmYjczMC1lY2FhLTExZTYtOGY4OC0zNDM2M2JjN2M0YzAiOnsiY3JlYXRlIjoxODAwMDAwMDAwMDAwLCJkZWxldGUiOjE4MDAwMDAwMDAwMDAsInJlYWQiOjMwMDAwMDAwMDAwMCwidXBkYXRlIjoxODAwMDAwMDAwMDAwfX0=",
          "dependencies": [
            "module.linuxservers.azurerm_resource_group.terraform"
          ]
        }
      ]
    }
  ],
  "check_results": null
}
